
Microsoft Visual Studio Solution File, Format Version 12.00
Project("{FAE04EC0-301F-11D3-BF4B-00C04F79EFBC}") = "FNFBot", "FNFBot\FNFBot.csproj", "{7A9C6B6A-07AA-4E23-BD8F-A8CB29810205}"
EndProject
Global
	GlobalSection(SolutionConfigurationPlatforms) = preSolution
		Debug|Any CPU = Debug|Any CPU
		Release|Any CPU = Release|Any CPU
	EndGlobalSection
	GlobalSection(ProjectConfigurationPlatforms) = postSolution
		{7A9C6B6A-07AA-4E23-BD8F-A8CB29810205}.Debug|Any CPU.ActiveCfg = Debug|Any CPU
		{7A9C6B6A-07AA-4E23-BD8F-A8CB29810205}.Debug|Any CPU.Build.0 = Debug|Any CPU
		{7A9C6B6A-07AA-4E23-BD8F-A8CB29810205}.Release|Any CPU.ActiveCfg = Release|Any CPU
		{7A9C6B6A-07AA-4E23-BD8F-A8CB29810205}.Release|Any CPU.Build.0 = Release|Any CPU
	EndGlobalSection
EndGlobal
