
Microsoft Visual Studio Solution File, Format Version 12.00
Project("{FAE04EC0-301F-11D3-BF4B-00C04F79EFBC}") = "FNFBot20", "FNFBot20\FNFBot20.csproj", "{50D06BB5-90C6-43C1-BF42-B3235476D953}"
EndProject
Global
	GlobalSection(SolutionConfigurationPlatforms) = preSolution
		Debug|Any CPU = Debug|Any CPU
		Release|Any CPU = Release|Any CPU
	EndGlobalSection
	GlobalSection(ProjectConfigurationPlatforms) = postSolution
		{50D06BB5-90C6-43C1-BF42-B3235476D953}.Debug|Any CPU.ActiveCfg = Debug|Any CPU
		{50D06BB5-90C6-43C1-BF42-B3235476D953}.Debug|Any CPU.Build.0 = Debug|Any CPU
		{50D06BB5-90C6-43C1-BF42-B3235476D953}.Release|Any CPU.ActiveCfg = Release|Any CPU
		{50D06BB5-90C6-43C1-BF42-B3235476D953}.Release|Any CPU.Build.0 = Release|Any CPU
	EndGlobalSection
EndGlobal
